
Microsoft Visual Studio Solution File, Format Version 12.00
# Visual Studio Version 17
VisualStudioVersion = 17.4.33110.190
MinimumVisualStudioVersion = 10.0.40219.1
Project("{FAE04EC0-301F-11D3-BF4B-00C04F79EFBC}") = "Powering", "Powering\Powering.csproj", "{B5EDE288-0743-4E87-8B19-EC75B085BE05}"
EndProject
Global
	GlobalSection(SolutionConfigurationPlatforms) = preSolution
		Debug|Any CPU = Debug|Any CPU
		Release|Any CPU = Release|Any CPU
	EndGlobalSection
	GlobalSection(ProjectConfigurationPlatforms) = postSolution
		{B5EDE288-0743-4E87-8B19-EC75B085BE05}.Debug|Any CPU.ActiveCfg = Debug|Any CPU
		{B5EDE288-0743-4E87-8B19-EC75B085BE05}.Debug|Any CPU.Build.0 = Debug|Any CPU
		{B5EDE288-0743-4E87-8B19-EC75B085BE05}.Release|Any CPU.ActiveCfg = Release|Any CPU
		{B5EDE288-0743-4E87-8B19-EC75B085BE05}.Release|Any CPU.Build.0 = Release|Any CPU
	EndGlobalSection
	GlobalSection(SolutionProperties) = preSolution
		HideSolutionNode = FALSE
	EndGlobalSection
	GlobalSection(ExtensibilityGlobals) = postSolution
		SolutionGuid = {40F5D770-A9D5-4BFD-8569-B6BD2B14EC17}
	EndGlobalSection
EndGlobal
