
Microsoft Visual Studio Solution File, Format Version 12.00
# Visual Studio Version 17
VisualStudioVersion = 17.4.33110.190
MinimumVisualStudioVersion = 10.0.40219.1
Project("{FAE04EC0-301F-11D3-BF4B-00C04F79EFBC}") = "Unimodel", "Unimodel\Unimodel.csproj", "{81D2A4F5-9F0A-49E8-96A6-2D1A3F84B243}"
EndProject
Global
	GlobalSection(SolutionConfigurationPlatforms) = preSolution
		Debug|Any CPU = Debug|Any CPU
		Release|Any CPU = Release|Any CPU
	EndGlobalSection
	GlobalSection(ProjectConfigurationPlatforms) = postSolution
		{81D2A4F5-9F0A-49E8-96A6-2D1A3F84B243}.Debug|Any CPU.ActiveCfg = Debug|Any CPU
		{81D2A4F5-9F0A-49E8-96A6-2D1A3F84B243}.Debug|Any CPU.Build.0 = Debug|Any CPU
		{81D2A4F5-9F0A-49E8-96A6-2D1A3F84B243}.Release|Any CPU.ActiveCfg = Release|Any CPU
		{81D2A4F5-9F0A-49E8-96A6-2D1A3F84B243}.Release|Any CPU.Build.0 = Release|Any CPU
	EndGlobalSection
	GlobalSection(SolutionProperties) = preSolution
		HideSolutionNode = FALSE
	EndGlobalSection
	GlobalSection(ExtensibilityGlobals) = postSolution
		SolutionGuid = {FB8FC51E-CBF3-40FF-BF89-286164548DF9}
	EndGlobalSection
EndGlobal
